
Microsoft Visual Studio Solution File, Format Version 12.00
# Visual Studio 15
VisualStudioVersion = 15.0.26124.0
MinimumVisualStudioVersion = 15.0.26124.0
Project("{FAE04EC0-301F-11D3-BF4B-00C04F79EFBC}") = "QuickXML", "QuickXML.Main\QuickXML.csproj", "{D6A09B1D-C986-4A37-9F48-8A88EE795CB8}"
EndProject
Project("{FAE04EC0-301F-11D3-BF4B-00C04F79EFBC}") = "QuickXML.Tests", "QuickXML.Tests\QuickXML.Tests.csproj", "{9AE33F81-AE45-4E94-886F-146CAED31BC7}"
EndProject
Global
	GlobalSection(SolutionConfigurationPlatforms) = preSolution
		Debug|Any CPU = Debug|Any CPU
		Debug|x64 = Debug|x64
		Debug|x86 = Debug|x86
		Release|Any CPU = Release|Any CPU
		Release|x64 = Release|x64
		Release|x86 = Release|x86
	EndGlobalSection
	GlobalSection(SolutionProperties) = preSolution
		HideSolutionNode = FALSE
	EndGlobalSection
	GlobalSection(ProjectConfigurationPlatforms) = postSolution
		{D6A09B1D-C986-4A37-9F48-8A88EE795CB8}.Debug|Any CPU.ActiveCfg = Debug|Any CPU
		{D6A09B1D-C986-4A37-9F48-8A88EE795CB8}.Debug|Any CPU.Build.0 = Debug|Any CPU
		{D6A09B1D-C986-4A37-9F48-8A88EE795CB8}.Debug|x64.ActiveCfg = Debug|Any CPU
		{D6A09B1D-C986-4A37-9F48-8A88EE795CB8}.Debug|x64.Build.0 = Debug|Any CPU
		{D6A09B1D-C986-4A37-9F48-8A88EE795CB8}.Debug|x86.ActiveCfg = Debug|Any CPU
		{D6A09B1D-C986-4A37-9F48-8A88EE795CB8}.Debug|x86.Build.0 = Debug|Any CPU
		{D6A09B1D-C986-4A37-9F48-8A88EE795CB8}.Release|Any CPU.ActiveCfg = Release|Any CPU
		{D6A09B1D-C986-4A37-9F48-8A88EE795CB8}.Release|Any CPU.Build.0 = Release|Any CPU
		{D6A09B1D-C986-4A37-9F48-8A88EE795CB8}.Release|x64.ActiveCfg = Release|Any CPU
		{D6A09B1D-C986-4A37-9F48-8A88EE795CB8}.Release|x64.Build.0 = Release|Any CPU
		{D6A09B1D-C986-4A37-9F48-8A88EE795CB8}.Release|x86.ActiveCfg = Release|Any CPU
		{D6A09B1D-C986-4A37-9F48-8A88EE795CB8}.Release|x86.Build.0 = Release|Any CPU
		{9AE33F81-AE45-4E94-886F-146CAED31BC7}.Debug|Any CPU.ActiveCfg = Debug|Any CPU
		{9AE33F81-AE45-4E94-886F-146CAED31BC7}.Debug|Any CPU.Build.0 = Debug|Any CPU
		{9AE33F81-AE45-4E94-886F-146CAED31BC7}.Debug|x64.ActiveCfg = Debug|Any CPU
		{9AE33F81-AE45-4E94-886F-146CAED31BC7}.Debug|x64.Build.0 = Debug|Any CPU
		{9AE33F81-AE45-4E94-886F-146CAED31BC7}.Debug|x86.ActiveCfg = Debug|Any CPU
		{9AE33F81-AE45-4E94-886F-146CAED31BC7}.Debug|x86.Build.0 = Debug|Any CPU
		{9AE33F81-AE45-4E94-886F-146CAED31BC7}.Release|Any CPU.ActiveCfg = Release|Any CPU
		{9AE33F81-AE45-4E94-886F-146CAED31BC7}.Release|Any CPU.Build.0 = Release|Any CPU
		{9AE33F81-AE45-4E94-886F-146CAED31BC7}.Release|x64.ActiveCfg = Release|Any CPU
		{9AE33F81-AE45-4E94-886F-146CAED31BC7}.Release|x64.Build.0 = Release|Any CPU
		{9AE33F81-AE45-4E94-886F-146CAED31BC7}.Release|x86.ActiveCfg = Release|Any CPU
		{9AE33F81-AE45-4E94-886F-146CAED31BC7}.Release|x86.Build.0 = Release|Any CPU
	EndGlobalSection
EndGlobal
